
Microsoft Visual Studio Solution File, Format Version 12.00
# Visual Studio Version 17
VisualStudioVersion = 17.2.32630.192
MinimumVisualStudioVersion = 10.0.40219.1
Project("{FAE04EC0-301F-11D3-BF4B-00C04F79EFBC}") = "Mastermind_WindowsForms", "Mastermind_WindowsForms.csproj", "{99506AD7-5C9A-4D24-878A-4A3A1375205D}"
EndProject
Global
	GlobalSection(SolutionConfigurationPlatforms) = preSolution
		Debug|Any CPU = Debug|Any CPU
		Release|Any CPU = Release|Any CPU
	EndGlobalSection
	GlobalSection(ProjectConfigurationPlatforms) = postSolution
		{99506AD7-5C9A-4D24-878A-4A3A1375205D}.Debug|Any CPU.ActiveCfg = Debug|Any CPU
		{99506AD7-5C9A-4D24-878A-4A3A1375205D}.Debug|Any CPU.Build.0 = Debug|Any CPU
		{99506AD7-5C9A-4D24-878A-4A3A1375205D}.Release|Any CPU.ActiveCfg = Release|Any CPU
		{99506AD7-5C9A-4D24-878A-4A3A1375205D}.Release|Any CPU.Build.0 = Release|Any CPU
	EndGlobalSection
	GlobalSection(SolutionProperties) = preSolution
		HideSolutionNode = FALSE
	EndGlobalSection
	GlobalSection(ExtensibilityGlobals) = postSolution
		SolutionGuid = {F629E6C5-3412-49BC-BE86-481300408A4E}
	EndGlobalSection
EndGlobal
